
Microsoft Visual Studio Solution File, Format Version 12.00
# Visual Studio Version 17
VisualStudioVersion = 17.2.32616.157
MinimumVisualStudioVersion = 10.0.40219.1
Project("{FAE04EC0-301F-11D3-BF4B-00C04F79EFBC}") = "EntityDemo", "EntityDemo\EntityDemo.csproj", "{D43C6175-BBC1-405A-9EC1-C025E90DB06C}"
EndProject
Global
	GlobalSection(SolutionConfigurationPlatforms) = preSolution
		Debug|Any CPU = Debug|Any CPU
		Release|Any CPU = Release|Any CPU
	EndGlobalSection
	GlobalSection(ProjectConfigurationPlatforms) = postSolution
		{D43C6175-BBC1-405A-9EC1-C025E90DB06C}.Debug|Any CPU.ActiveCfg = Debug|Any CPU
		{D43C6175-BBC1-405A-9EC1-C025E90DB06C}.Debug|Any CPU.Build.0 = Debug|Any CPU
		{D43C6175-BBC1-405A-9EC1-C025E90DB06C}.Release|Any CPU.ActiveCfg = Release|Any CPU
		{D43C6175-BBC1-405A-9EC1-C025E90DB06C}.Release|Any CPU.Build.0 = Release|Any CPU
	EndGlobalSection
	GlobalSection(SolutionProperties) = preSolution
		HideSolutionNode = FALSE
	EndGlobalSection
	GlobalSection(ExtensibilityGlobals) = postSolution
		SolutionGuid = {53931E81-F991-459F-A0B7-47912C8ADF44}
	EndGlobalSection
EndGlobal
